
Microsoft Visual Studio Solution File, Format Version 12.00
# Visual Studio 2012
Project("{8BC9CEB8-8B4A-11D0-8D11-00A0C91BC942}") = "BVP", "BVP\BVP.vcxproj", "{4F24644B-E6F6-4AD2-8591-7C1C33A57931}"
EndProject
Project("{2150E333-8FDC-42A3-9474-1A3956D46DE8}") = "Solution Items", "Solution Items", "{7087312D-276A-4DDB-AE01-76D3ABAC5652}"
	ProjectSection(SolutionItems) = preProject
		BVP.vsmdi = BVP.vsmdi
		Local.testsettings = Local.testsettings
		TraceAndTestImpact.testsettings = TraceAndTestImpact.testsettings
	EndProjectSection
EndProject
Project("{8BC9CEB8-8B4A-11D0-8D11-00A0C91BC942}") = "GeneralTest", "GeneralTest\GeneralTest.vcxproj", "{5512BE5C-C34D-416D-BD70-903A8C8D0725}"
EndProject
Global
	GlobalSection(TestCaseManagementSettings) = postSolution
		CategoryFile = BVP.vsmdi
	EndGlobalSection
	GlobalSection(SolutionConfigurationPlatforms) = preSolution
		Debug|Any CPU = Debug|Any CPU
		Debug|Mixed Platforms = Debug|Mixed Platforms
		Debug|Win32 = Debug|Win32
		Debug|x64 = Debug|x64
		Release|Any CPU = Release|Any CPU
		Release|Mixed Platforms = Release|Mixed Platforms
		Release|Win32 = Release|Win32
		Release|x64 = Release|x64
	EndGlobalSection
	GlobalSection(ProjectConfigurationPlatforms) = postSolution
		{4F24644B-E6F6-4AD2-8591-7C1C33A57931}.Debug|Any CPU.ActiveCfg = Debug|x64
		{4F24644B-E6F6-4AD2-8591-7C1C33A57931}.Debug|Mixed Platforms.ActiveCfg = Debug|x64
		{4F24644B-E6F6-4AD2-8591-7C1C33A57931}.Debug|Mixed Platforms.Build.0 = Debug|x64
		{4F24644B-E6F6-4AD2-8591-7C1C33A57931}.Debug|Win32.ActiveCfg = Debug|Win32
		{4F24644B-E6F6-4AD2-8591-7C1C33A57931}.Debug|Win32.Build.0 = Debug|Win32
		{4F24644B-E6F6-4AD2-8591-7C1C33A57931}.Debug|x64.ActiveCfg = Debug|x64
		{4F24644B-E6F6-4AD2-8591-7C1C33A57931}.Debug|x64.Build.0 = Debug|x64
		{4F24644B-E6F6-4AD2-8591-7C1C33A57931}.Release|Any CPU.ActiveCfg = Release|x64
		{4F24644B-E6F6-4AD2-8591-7C1C33A57931}.Release|Mixed Platforms.ActiveCfg = Release|x64
		{4F24644B-E6F6-4AD2-8591-7C1C33A57931}.Release|Mixed Platforms.Build.0 = Release|x64
		{4F24644B-E6F6-4AD2-8591-7C1C33A57931}.Release|Win32.ActiveCfg = Release|Win32
		{4F24644B-E6F6-4AD2-8591-7C1C33A57931}.Release|Win32.Build.0 = Release|Win32
		{4F24644B-E6F6-4AD2-8591-7C1C33A57931}.Release|x64.ActiveCfg = Release|x64
		{4F24644B-E6F6-4AD2-8591-7C1C33A57931}.Release|x64.Build.0 = Release|x64
		{5512BE5C-C34D-416D-BD70-903A8C8D0725}.Debug|Any CPU.ActiveCfg = Debug|Win32
		{5512BE5C-C34D-416D-BD70-903A8C8D0725}.Debug|Mixed Platforms.ActiveCfg = Debug|Win32
		{5512BE5C-C34D-416D-BD70-903A8C8D0725}.Debug|Mixed Platforms.Build.0 = Debug|Win32
		{5512BE5C-C34D-416D-BD70-903A8C8D0725}.Debug|Win32.ActiveCfg = Debug|Win32
		{5512BE5C-C34D-416D-BD70-903A8C8D0725}.Debug|Win32.Build.0 = Debug|Win32
		{5512BE5C-C34D-416D-BD70-903A8C8D0725}.Debug|x64.ActiveCfg = Debug|x64
		{5512BE5C-C34D-416D-BD70-903A8C8D0725}.Debug|x64.Build.0 = Debug|x64
		{5512BE5C-C34D-416D-BD70-903A8C8D0725}.Release|Any CPU.ActiveCfg = Release|Win32
		{5512BE5C-C34D-416D-BD70-903A8C8D0725}.Release|Mixed Platforms.ActiveCfg = Release|Win32
		{5512BE5C-C34D-416D-BD70-903A8C8D0725}.Release|Mixed Platforms.Build.0 = Release|Win32
		{5512BE5C-C34D-416D-BD70-903A8C8D0725}.Release|Win32.ActiveCfg = Release|Win32
		{5512BE5C-C34D-416D-BD70-903A8C8D0725}.Release|Win32.Build.0 = Release|Win32
		{5512BE5C-C34D-416D-BD70-903A8C8D0725}.Release|x64.ActiveCfg = Release|x64
		{5512BE5C-C34D-416D-BD70-903A8C8D0725}.Release|x64.Build.0 = Release|x64
	EndGlobalSection
	GlobalSection(SolutionProperties) = preSolution
		HideSolutionNode = FALSE
	EndGlobalSection
EndGlobal
