<?xml version="1.0" encoding="utf-8"?>
<Project ToolsVersion="4.0" xmlns="http://schemas.microsoft.com/developer/msbuild/2003">
  <ItemGroup>
    <Filter Include="Source Files">
      <UniqueIdentifier>{4FC737F1-C7A5-4376-A066-2A32D752A2FF}</UniqueIdentifier>
      <Extensions>cpp;c;cc;cxx;def;odl;idl;hpj;bat;asm;asmx</Extensions>
    </Filter>
    <Filter Include="Header Files">
      <UniqueIdentifier>{93995380-89BD-4b04-88EB-625FBE52EBFB}</UniqueIdentifier>
      <Extensions>h;hpp;hxx;hm;inl;inc;xsd</Extensions>
    </Filter>
    <Filter Include="Resource Files">
      <UniqueIdentifier>{67DA6AB6-F800-4c08-8B7A-83BB121AAD01}</UniqueIdentifier>
      <Extensions>rc;ico;cur;bmp;dlg;rc2;rct;bin;rgs;gif;jpg;jpeg;jpe;resx;tiff;tif;png;wav;mfcribbon-ms</Extensions>
    </Filter>
    <Filter Include="Source Files\Utils">
      <UniqueIdentifier>{1114144f-8851-4f38-8c27-2b5822c4eda6}</UniqueIdentifier>
    </Filter>
    <Filter Include="TestData">
      <UniqueIdentifier>{9995a876-5574-4edd-ac0e-b7739df5fd64}</UniqueIdentifier>
    </Filter>
  </ItemGroup>
  <ItemGroup>
    <ClInclude Include="targetver.h">
      <Filter>Header Files</Filter>
    </ClInclude>
    <ClInclude Include="UnitTestAux.h">
      <Filter>Header Files</Filter>
    </ClInclude>
  </ItemGroup>
  <ItemGroup>
    <ClCompile Include="XFunctionTestUnit.cpp">
      <Filter>Source Files</Filter>
    </ClCompile>
    <ClCompile Include="XCannonTestUnit.cpp">
      <Filter>Source Files</Filter>
    </ClCompile>
    <ClCompile Include="TroeschProblemTestUnit.cpp">
      <Filter>Source Files</Filter>
    </ClCompile>
    <ClCompile Include="MultipleShootingHybridTestUnit.cpp">
      <Filter>Source Files</Filter>
    </ClCompile>
    <ClCompile Include="OscillatingProblemTestUnit.cpp">
      <Filter>Source Files</Filter>
    </ClCompile>
    <ClCompile Include="NonAutonomousProblemsTest.cpp">
      <Filter>Source Files</Filter>
    </ClCompile>
    <ClCompile Include="NonUniformProblemTest.cpp">
      <Filter>Source Files</Filter>
    </ClCompile>
    <ClCompile Include="DifferentiableFunctionTest.cpp">
      <Filter>Source Files</Filter>
    </ClCompile>
    <ClCompile Include="bvp_t_30_test.cpp">
      <Filter>Source Files</Filter>
    </ClCompile>
    <ClCompile Include="bvp_t_x_test.cpp">
      <Filter>Source Files</Filter>
    </ClCompile>
    <ClCompile Include="bvp_t_21_test.cpp">
      <Filter>Source Files</Filter>
    </ClCompile>
    <ClCompile Include="SimplificationTest.cpp">
      <Filter>Source Files</Filter>
    </ClCompile>
    <ClCompile Include="DualNumberTest.cpp">
      <Filter>Source Files</Filter>
    </ClCompile>
    <ClCompile Include="MatrixTest.cpp">
      <Filter>Source Files</Filter>
    </ClCompile>
    <ClCompile Include="TrapezoidalSolverTest.cpp">
      <Filter>Source Files</Filter>
    </ClCompile>
    <ClCompile Include="AuxUtilitiesTest.cpp">
      <Filter>Source Files</Filter>
    </ClCompile>
    <ClCompile Include="..\Shared\Utils\Utils.cpp">
      <Filter>Source Files\Utils</Filter>
    </ClCompile>
  </ItemGroup>
  <ItemGroup>
    <None Include="TestData\OscillatingTestProblemMSInitGuess.txt">
      <Filter>TestData</Filter>
    </None>
    <None Include="TestData\NonUniformProblemInitGuess.txt">
      <Filter>TestData</Filter>
    </None>
    <None Include="TestData\solution_double_precision.txt">
      <Filter>TestData</Filter>
    </None>
    <None Include="TestData\BVP_T30_solution_100.dat">
      <Filter>TestData</Filter>
    </None>
  </ItemGroup>
</Project>