<?xml version="1.0" encoding="utf-8"?>
<Project ToolsVersion="4.0" xmlns="http://schemas.microsoft.com/developer/msbuild/2003">
  <ItemGroup>
    <Filter Include="Source Files">
      <UniqueIdentifier>{4FC737F1-C7A5-4376-A066-2A32D752A2FF}</UniqueIdentifier>
      <Extensions>cpp;c;cc;cxx;def;odl;idl;hpj;bat;asm;asmx</Extensions>
    </Filter>
    <Filter Include="Header Files">
      <UniqueIdentifier>{93995380-89BD-4b04-88EB-625FBE52EBFB}</UniqueIdentifier>
      <Extensions>h;hpp;hxx;hm;inl;inc;xsd</Extensions>
    </Filter>
    <Filter Include="Resource Files">
      <UniqueIdentifier>{67DA6AB6-F800-4c08-8B7A-83BB121AAD01}</UniqueIdentifier>
      <Extensions>rc;ico;cur;bmp;dlg;rc2;rct;bin;rgs;gif;jpg;jpeg;jpe;resx;tiff;tif;png;wav</Extensions>
    </Filter>
    <Filter Include="Header Files\Problems">
      <UniqueIdentifier>{65a58a94-d612-4f01-91a6-f9d641d8fbf9}</UniqueIdentifier>
    </Filter>
    <Filter Include="Header Files\Cannon">
      <UniqueIdentifier>{e4f6c6d0-d079-4eea-9fbd-2c13e27bc699}</UniqueIdentifier>
    </Filter>
    <Filter Include="Header Files\FunctionApproximation">
      <UniqueIdentifier>{2581d821-1d55-484e-ad40-052fd2aff542}</UniqueIdentifier>
    </Filter>
    <Filter Include="Header Files\Utils">
      <UniqueIdentifier>{e9fb1812-b363-48b4-91b2-da0f863ff640}</UniqueIdentifier>
    </Filter>
    <Filter Include="Header Files\ShootingSimple">
      <UniqueIdentifier>{c471f303-6d32-485f-9b36-c73f5d533350}</UniqueIdentifier>
    </Filter>
    <Filter Include="Header Files\Misc">
      <UniqueIdentifier>{167e3b63-62df-4a94-9327-2919183107f2}</UniqueIdentifier>
    </Filter>
    <Filter Include="Source Files\Misc">
      <UniqueIdentifier>{789f8d1f-e8df-4d9f-b6b6-f3b189f4691f}</UniqueIdentifier>
    </Filter>
    <Filter Include="Source Files\Utils">
      <UniqueIdentifier>{1a53e921-c859-4834-a6a5-f16f1ef4e85d}</UniqueIdentifier>
    </Filter>
    <Filter Include="Header Files\MultipleShooting">
      <UniqueIdentifier>{ae49b016-630a-4bce-adcb-a8d29bfe490d}</UniqueIdentifier>
    </Filter>
    <Filter Include="Header Files\SpecialFunctions">
      <UniqueIdentifier>{640e3ee3-311f-4080-a95d-5728db040ff9}</UniqueIdentifier>
    </Filter>
  </ItemGroup>
  <ItemGroup>
    <ClCompile Include="Main.cpp">
      <Filter>Source Files</Filter>
    </ClCompile>
    <ClCompile Include="Misc\BVP_PC_T.cpp">
      <Filter>Source Files\Misc</Filter>
    </ClCompile>
    <ClCompile Include="Utils\AuxUtils.cpp">
      <Filter>Source Files\Utils</Filter>
    </ClCompile>
    <ClCompile Include="MultipleShooting\HybridMultipleShootingComponent.h">
      <Filter>Header Files\MultipleShooting</Filter>
    </ClCompile>
  </ItemGroup>
  <ItemGroup>
    <ClInclude Include="Problems\TroeschProblem.h">
      <Filter>Header Files\Problems</Filter>
    </ClInclude>
    <ClInclude Include="Problems\ProblemAbstract.h">
      <Filter>Header Files\Problems</Filter>
    </ClInclude>
    <ClInclude Include="Cannon\XCannon.h">
      <Filter>Header Files\Cannon</Filter>
    </ClInclude>
    <ClInclude Include="FunctionApproximation\X_Function.h">
      <Filter>Header Files\FunctionApproximation</Filter>
    </ClInclude>
    <ClInclude Include="Misc\BVP_PC_T.h">
      <Filter>Header Files\Misc</Filter>
    </ClInclude>
    <ClInclude Include="ShootingSimple\BisectionComponent.h">
      <Filter>Header Files\ShootingSimple</Filter>
    </ClInclude>
    <ClInclude Include="Utils\AuxUtils.h">
      <Filter>Header Files\Utils</Filter>
    </ClInclude>
    <ClInclude Include="Problems\TroeschProblemStatic.h">
      <Filter>Header Files\Problems</Filter>
    </ClInclude>
    <ClInclude Include="FunctionApproximation\GradientVector.h">
      <Filter>Header Files\FunctionApproximation</Filter>
    </ClInclude>
    <ClInclude Include="Cannon\XCannonAbstract.h">
      <Filter>Header Files\Cannon</Filter>
    </ClInclude>
    <ClInclude Include="Cannon\XCannonInverse.h">
      <Filter>Header Files\Cannon</Filter>
    </ClInclude>
    <ClInclude Include="Utils\Exceptions.h">
      <Filter>Header Files\Utils</Filter>
    </ClInclude>
    <ClInclude Include="FunctionApproximation\InitialCondition.h">
      <Filter>Header Files\FunctionApproximation</Filter>
    </ClInclude>
    <ClInclude Include="FunctionApproximation\PointSimple.h">
      <Filter>Header Files\FunctionApproximation</Filter>
    </ClInclude>
    <ClInclude Include="MultipleShooting\FourDiagonalSweepMethodStruct.h">
      <Filter>Header Files\MultipleShooting</Filter>
    </ClInclude>
    <ClInclude Include="Problems\OscillatingTestProblem.h">
      <Filter>Header Files\Problems</Filter>
    </ClInclude>
    <ClInclude Include="Cannon\HybridCannon.h">
      <Filter>Header Files\Cannon</Filter>
    </ClInclude>
    <ClInclude Include="Problems\ProblemAutonomousAbstract.h">
      <Filter>Header Files\Problems</Filter>
    </ClInclude>
    <ClInclude Include="Problems\ProblemNonAutonomousAbstract.h">
      <Filter>Header Files\Problems</Filter>
    </ClInclude>
    <ClInclude Include="SpecialFunctions\Sinhc.h">
      <Filter>Header Files\SpecialFunctions</Filter>
    </ClInclude>
    <ClInclude Include="Problems\NonAutonomousTroeschProblem.h">
      <Filter>Header Files\Problems</Filter>
    </ClInclude>
    <ClInclude Include="Problems\NonAutonomousOscillatingProblem.h">
      <Filter>Header Files\Problems</Filter>
    </ClInclude>
    <ClInclude Include="Problems\AutonomousOscillatingProblem.h">
      <Filter>Header Files\Problems</Filter>
    </ClInclude>
    <ClInclude Include="Problems\ProblemNonUniformAbstract.h">
      <Filter>Header Files\Problems</Filter>
    </ClInclude>
    <ClInclude Include="Problems\AutonomousNonUniformProblem.h">
      <Filter>Header Files\Problems</Filter>
    </ClInclude>
  </ItemGroup>
</Project>